
Microsoft Visual Studio Solution File, Format Version 12.00
# Visual Studio 15
VisualStudioVersion = 15.0.27703.2042
MinimumVisualStudioVersion = 10.0.40219.1
Project("{FAE04EC0-301F-11D3-BF4B-00C04F79EFBC}") = "TestApp", "TestApp\TestApp.csproj", "{5A1CF37E-1014-4E70-86FD-030F8C38E43A}"
EndProject
Project("{E53339B2-1760-4266-BCC7-CA923CBCF16C}") = "docker-compose", "docker-compose.dcproj", "{6F0BB4FC-7AA8-49A2-8144-14A5E55ECF71}"
EndProject
Global
	GlobalSection(SolutionConfigurationPlatforms) = preSolution
		Debug|Any CPU = Debug|Any CPU
		Release|Any CPU = Release|Any CPU
	EndGlobalSection
	GlobalSection(ProjectConfigurationPlatforms) = postSolution
		{5A1CF37E-1014-4E70-86FD-030F8C38E43A}.Debug|Any CPU.ActiveCfg = Debug|Any CPU
		{5A1CF37E-1014-4E70-86FD-030F8C38E43A}.Debug|Any CPU.Build.0 = Debug|Any CPU
		{5A1CF37E-1014-4E70-86FD-030F8C38E43A}.Release|Any CPU.ActiveCfg = Release|Any CPU
		{5A1CF37E-1014-4E70-86FD-030F8C38E43A}.Release|Any CPU.Build.0 = Release|Any CPU
		{6F0BB4FC-7AA8-49A2-8144-14A5E55ECF71}.Debug|Any CPU.ActiveCfg = Debug|Any CPU
		{6F0BB4FC-7AA8-49A2-8144-14A5E55ECF71}.Debug|Any CPU.Build.0 = Debug|Any CPU
		{6F0BB4FC-7AA8-49A2-8144-14A5E55ECF71}.Release|Any CPU.ActiveCfg = Release|Any CPU
		{6F0BB4FC-7AA8-49A2-8144-14A5E55ECF71}.Release|Any CPU.Build.0 = Release|Any CPU
	EndGlobalSection
	GlobalSection(SolutionProperties) = preSolution
		HideSolutionNode = FALSE
	EndGlobalSection
	GlobalSection(ExtensibilityGlobals) = postSolution
		SolutionGuid = {390F5DC3-DED7-4217-8F3A-D6487B9F7EBE}
	EndGlobalSection
EndGlobal
